Microsoft Visual Studio Solution File, Format Version 7.00
Project("{8BC9CEB8-8B4A-11D0-8D11-00A0C91BC942}") = "updater", "C:/novasulf-II/qt-everywhere-opensource-src-4.8.7/tools/qtestlib/updater\updater.vcxproj", "{344C73CD-0064-3C1D-839D-5A160B00CE72}"
EndProject
Global
	GlobalSection(SolutionConfigurationPlatforms) = preSolution
		Debug|Win32 = Debug|Win32
		Release|Win32 = Release|Win32
	EndGlobalSection
	GlobalSection(ProjectDependencies) = postSolution
	EndGlobalSection
	GlobalSection(ProjectConfigurationPlatforms) = postSolution
		{344C73CD-0064-3C1D-839D-5A160B00CE72}.Debug|Win32.ActiveCfg = Debug|Win32
		{344C73CD-0064-3C1D-839D-5A160B00CE72}.Debug|Win32.Build.0 = Debug|Win32
		{344C73CD-0064-3C1D-839D-5A160B00CE72}.Release|Win32.ActiveCfg = Release|Win32
		{344C73CD-0064-3C1D-839D-5A160B00CE72}.Release|Win32.Build.0 = Release|Win32
	EndGlobalSection
	GlobalSection(ExtensibilityGlobals) = postSolution
	EndGlobalSection
	GlobalSection(ExtensibilityAddIns) = postSolution
	EndGlobalSection
EndGlobal