Microsoft Visual Studio Solution File, Format Version 7.00
Project("{8BC9CEB8-8B4A-11D0-8D11-00A0C91BC942}") = "bootstrap", "C:/novasulf-II/qt-everywhere-opensource-src-4.8.7/src/tools/bootstrap\bootstrap.vcxproj", "{EC5A8E40-DAAA-347F-B610-7BF10290819F}"
EndProject
Project("{8BC9CEB8-8B4A-11D0-8D11-00A0C91BC942}") = "moc", "C:/novasulf-II/qt-everywhere-opensource-src-4.8.7/src/tools/moc\moc.vcxproj", "{3C473445-B9DD-3C2C-8F2C-C556855610DF}"
EndProject
Project("{8BC9CEB8-8B4A-11D0-8D11-00A0C91BC942}") = "rcc", "C:/novasulf-II/qt-everywhere-opensource-src-4.8.7/src/tools/rcc\rcc.vcxproj", "{0517E593-8E1C-345F-85E0-E918D5E1BD54}"
EndProject
Project("{8BC9CEB8-8B4A-11D0-8D11-00A0C91BC942}") = "uic", "C:/novasulf-II/qt-everywhere-opensource-src-4.8.7/src/tools/uic\uic.vcxproj", "{CE0C2772-575A-3A4D-A96B-AE0E3AF05C5A}"
EndProject
Project("{8BC9CEB8-8B4A-11D0-8D11-00A0C91BC942}") = "qtmain", "C:/novasulf-II/qt-everywhere-opensource-src-4.8.7/src/winmain\qtmain.vcxproj", "{BBBB49DE-8A85-3452-A11A-9CFB5DAA5BBD}"
EndProject
Project("{8BC9CEB8-8B4A-11D0-8D11-00A0C91BC942}") = "QtCore", "C:/novasulf-II/qt-everywhere-opensource-src-4.8.7/src/corelib\QtCore.vcxproj", "{FD34ADFE-F08C-3DDB-82DA-9C141D941C33}"
EndProject
Project("{8BC9CEB8-8B4A-11D0-8D11-00A0C91BC942}") = "QtXml", "C:/novasulf-II/qt-everywhere-opensource-src-4.8.7/src/xml\QtXml.vcxproj", "{0B624A8D-BE00-3967-9CF4-E0EFB3A38B9D}"
EndProject
Project("{8BC9CEB8-8B4A-11D0-8D11-00A0C91BC942}") = "QtNetwork", "C:/novasulf-II/qt-everywhere-opensource-src-4.8.7/src/network\QtNetwork.vcxproj", "{D8D1C22B-A776-36D6-A781-9CA255E26766}"
EndProject
Project("{8BC9CEB8-8B4A-11D0-8D11-00A0C91BC942}") = "QtSql", "C:/novasulf-II/qt-everywhere-opensource-src-4.8.7/src/sql\QtSql.vcxproj", "{21FB2BCD-6301-39E4-858C-A3C76E63D428}"
EndProject
Project("{8BC9CEB8-8B4A-11D0-8D11-00A0C91BC942}") = "QtTest", "C:/novasulf-II/qt-everywhere-opensource-src-4.8.7/src/testlib\QtTest.vcxproj", "{3F0B86BB-C248-31AE-AD43-C6B752D0C584}"
EndProject
Project("{8BC9CEB8-8B4A-11D0-8D11-00A0C91BC942}") = "QtGui", "C:/novasulf-II/qt-everywhere-opensource-src-4.8.7/src/gui\QtGui.vcxproj", "{56E36077-0B8A-36C5-8DA8-DF3FB371439A}"
EndProject
Project("{8BC9CEB8-8B4A-11D0-8D11-00A0C91BC942}") = "Qt3Support", "C:/novasulf-II/qt-everywhere-opensource-src-4.8.7/src/qt3support\Qt3Support.vcxproj", "{3624ACCE-DB36-3F21-A279-6639B5405787}"
EndProject
Project("{8BC9CEB8-8B4A-11D0-8D11-00A0C91BC942}") = "uic3", "C:/novasulf-II/qt-everywhere-opensource-src-4.8.7/src/tools/uic3\uic3.vcxproj", "{59BA6DC8-315C-3F06-A304-ED6E2E051954}"
EndProject
Project("{8BC9CEB8-8B4A-11D0-8D11-00A0C91BC942}") = "idc", "C:/novasulf-II/qt-everywhere-opensource-src-4.8.7/src/tools/idc\idc.vcxproj", "{12EA68CA-9371-3D2F-BD4E-8D440D5BC358}"
EndProject
Project("{8BC9CEB8-8B4A-11D0-8D11-00A0C91BC942}") = "QtXmlPatterns", "C:/novasulf-II/qt-everywhere-opensource-src-4.8.7/src/xmlpatterns\QtXmlPatterns.vcxproj", "{9292E83B-F201-3C35-9666-23B4BF6649A5}"
EndProject
Project("{8BC9CEB8-8B4A-11D0-8D11-00A0C91BC942}") = "phonon", "C:/novasulf-II/qt-everywhere-opensource-src-4.8.7/src/phonon\phonon.vcxproj", "{C38DD055-6AA8-3D33-BFC6-BBBDF1903289}"
EndProject
Project("{8BC9CEB8-8B4A-11D0-8D11-00A0C91BC942}") = "QtMultimedia", "C:/novasulf-II/qt-everywhere-opensource-src-4.8.7/src/multimedia\QtMultimedia.vcxproj", "{2D0C70F6-B2D6-395D-AC66-1FBE8D4A21DF}"
EndProject
Project("{8BC9CEB8-8B4A-11D0-8D11-00A0C91BC942}") = "QtSvg", "C:/novasulf-II/qt-everywhere-opensource-src-4.8.7/src/svg\QtSvg.vcxproj", "{33D16376-CF44-3C32-B9AE-0E7A7B86AAD8}"
EndProject
Project("{8BC9CEB8-8B4A-11D0-8D11-00A0C91BC942}") = "qm_phony_target", "C:/novasulf-II/qt-everywhere-opensource-src-4.8.7/translations\qm_phony_target.vcxproj", "{27DDDEEE-F9E3-3C77-89BF-0212E12B7295}"
EndProject
Project("{8BC9CEB8-8B4A-11D0-8D11-00A0C91BC942}") = "QAxContainer", "C:/novasulf-II/qt-everywhere-opensource-src-4.8.7/src/activeqt/container\QAxContainer.vcxproj", "{745D09CF-D805-3684-9CFE-E75159C8BAD9}"
EndProject
Project("{8BC9CEB8-8B4A-11D0-8D11-00A0C91BC942}") = "QAxServer", "C:/novasulf-II/qt-everywhere-opensource-src-4.8.7/src/activeqt/control\QAxServer.vcxproj", "{61BBF62A-3EEA-3057-8B80-01EC00849272}"
EndProject
Project("{8BC9CEB8-8B4A-11D0-8D11-00A0C91BC942}") = "pixeltool", "C:/novasulf-II/qt-everywhere-opensource-src-4.8.7/tools/pixeltool\pixeltool.vcxproj", "{9CAC4CD9-85DF-3284-AC6F-7C47BA0AC133}"
EndProject
Project("{8BC9CEB8-8B4A-11D0-8D11-00A0C91BC942}") = "qttracereplay", "C:/novasulf-II/qt-everywhere-opensource-src-4.8.7/tools/qttracereplay\qttracereplay.vcxproj", "{143F8F8D-8FD1-3737-A053-2C18AFD1D422}"
EndProject
Project("{8BC9CEB8-8B4A-11D0-8D11-00A0C91BC942}") = "xmlpatterns", "C:/novasulf-II/qt-everywhere-opensource-src-4.8.7/tools/xmlpatterns\xmlpatterns.vcxproj", "{713D7362-0D09-3917-AA8D-41365FF8CA8D}"
EndProject
Project("{8BC9CEB8-8B4A-11D0-8D11-00A0C91BC942}") = "xmlpatternsvalidator", "C:/novasulf-II/qt-everywhere-opensource-src-4.8.7/tools/xmlpatternsvalidator\xmlpatternsvalidator.vcxproj", "{C6EED8D1-DFAD-3988-978D-5E7A145845F2}"
EndProject
Project("{8BC9CEB8-8B4A-11D0-8D11-00A0C91BC942}") = "qdoc3", "C:/novasulf-II/qt-everywhere-opensource-src-4.8.7/tools/qdoc3\qdoc3.vcxproj", "{C7EBC7C5-2516-398E-9A53-0DFC422694C5}"
EndProject
Project("{8BC9CEB8-8B4A-11D0-8D11-00A0C91BC942}") = "qgenericbearer", "C:/novasulf-II/qt-everywhere-opensource-src-4.8.7/src/plugins/bearer/generic\qgenericbearer.vcxproj", "{6C727496-92BD-36F4-96B8-D2AD9FAB23E5}"
EndProject
Project("{8BC9CEB8-8B4A-11D0-8D11-00A0C91BC942}") = "qnativewifibearer", "C:/novasulf-II/qt-everywhere-opensource-src-4.8.7/src/plugins/bearer/nativewifi\qnativewifibearer.vcxproj", "{E88E9D3A-9C23-3E7C-BC4C-1C4F11C43E5E}"
EndProject
Project("{8BC9CEB8-8B4A-11D0-8D11-00A0C91BC942}") = "qcncodecs", "C:/novasulf-II/qt-everywhere-opensource-src-4.8.7/src/plugins/codecs/cn\qcncodecs.vcxproj", "{EDE43037-2C76-3FFF-919C-6ACDA34405DA}"
EndProject
Project("{8BC9CEB8-8B4A-11D0-8D11-00A0C91BC942}") = "qjpcodecs", "C:/novasulf-II/qt-everywhere-opensource-src-4.8.7/src/plugins/codecs/jp\qjpcodecs.vcxproj", "{3CE8E2B7-0BB3-3AF4-A556-61F7E63C6C01}"
EndProject
Project("{8BC9CEB8-8B4A-11D0-8D11-00A0C91BC942}") = "qtwcodecs", "C:/novasulf-II/qt-everywhere-opensource-src-4.8.7/src/plugins/codecs/tw\qtwcodecs.vcxproj", "{A803D64B-E76D-338D-B65F-62F5F249CC42}"
EndProject
Project("{8BC9CEB8-8B4A-11D0-8D11-00A0C91BC942}") = "qkrcodecs", "C:/novasulf-II/qt-everywhere-opensource-src-4.8.7/src/plugins/codecs/kr\qkrcodecs.vcxproj", "{5916F55E-A94D-3300-8F9E-67C1E6F0FB28}"
EndProject
Project("{8BC9CEB8-8B4A-11D0-8D11-00A0C91BC942}") = "qsvg", "C:/novasulf-II/qt-everywhere-opensource-src-4.8.7/src/plugins/imageformats/svg\qsvg.vcxproj", "{63AE1779-757B-3F89-B0D7-DD085ECACB3D}"
EndProject
Project("{8BC9CEB8-8B4A-11D0-8D11-00A0C91BC942}") = "qico", "C:/novasulf-II/qt-everywhere-opensource-src-4.8.7/src/plugins/imageformats/ico\qico.vcxproj", "{203283EC-6DBC-3651-88BB-A907DFF7AA0D}"
EndProject
Project("{8BC9CEB8-8B4A-11D0-8D11-00A0C91BC942}") = "qtga", "C:/novasulf-II/qt-everywhere-opensource-src-4.8.7/src/plugins/imageformats/tga\qtga.vcxproj", "{3F418898-BD46-396E-94DE-CADB3DEF99BF}"
EndProject
Project("{8BC9CEB8-8B4A-11D0-8D11-00A0C91BC942}") = "qsvgicon", "C:/novasulf-II/qt-everywhere-opensource-src-4.8.7/src/plugins/iconengines/svgiconengine\qsvgicon.vcxproj", "{103538D6-4EBC-3CD6-A533-347C2DC97B98}"
EndProject
Project("{8BC9CEB8-8B4A-11D0-8D11-00A0C91BC942}") = "qtracegraphicssystem", "C:/novasulf-II/qt-everywhere-opensource-src-4.8.7/src/plugins/graphicssystems/trace\qtracegraphicssystem.vcxproj", "{B7285BD8-C1CB-3F9F-942A-97C673457260}"
EndProject
Project("{8BC9CEB8-8B4A-11D0-8D11-00A0C91BC942}") = "qtaccessiblewidgets", "C:/novasulf-II/qt-everywhere-opensource-src-4.8.7/src/plugins/accessible/widgets\qtaccessiblewidgets.vcxproj", "{69608A1B-FEBD-3D27-ABCC-38E23C2D1F77}"
EndProject
Project("{8BC9CEB8-8B4A-11D0-8D11-00A0C91BC942}") = "qtaccessiblecompatwidgets", "C:/novasulf-II/qt-everywhere-opensource-src-4.8.7/src/plugins/accessible/compat\qtaccessiblecompatwidgets.vcxproj", "{74A319D7-E85C-3FE8-91F3-CF36EB8139B1}"
EndProject
Project("{8BC9CEB8-8B4A-11D0-8D11-00A0C91BC942}") = "phonon_ds9", "C:/novasulf-II/qt-everywhere-opensource-src-4.8.7/src/plugins/phonon/ds9\phonon_ds9.vcxproj", "{33CA0843-61EE-3F35-BA09-E63D1E6665F3}"
EndProject
Project("{8BC9CEB8-8B4A-11D0-8D11-00A0C91BC942}") = "QtCLucene", "C:/novasulf-II/qt-everywhere-opensource-src-4.8.7/tools/assistant/lib/fulltextsearch\QtCLucene.vcxproj", "{C8075476-8DE9-3F3E-BEF3-9A051A519FB5}"
EndProject
Project("{8BC9CEB8-8B4A-11D0-8D11-00A0C91BC942}") = "QtHelp", "C:/novasulf-II/qt-everywhere-opensource-src-4.8.7/tools/assistant/lib\QtHelp.vcxproj", "{FE041A0A-F597-3012-9874-CF7DD52723F3}"
EndProject
Project("{8BC9CEB8-8B4A-11D0-8D11-00A0C91BC942}") = "qt3to4", "C:/novasulf-II/qt-everywhere-opensource-src-4.8.7/tools/porting/src\qt3to4.vcxproj", "{F561236D-EFDF-3A2C-B445-FCEF3E4F442C}"
EndProject
Project("{8BC9CEB8-8B4A-11D0-8D11-00A0C91BC942}") = "updater", "C:/novasulf-II/qt-everywhere-opensource-src-4.8.7/tools/qtestlib/updater\updater.vcxproj", "{344C73CD-0064-3C1D-839D-5A160B00CE72}"
EndProject
Project("{8BC9CEB8-8B4A-11D0-8D11-00A0C91BC942}") = "dumpdoc", "C:/novasulf-II/qt-everywhere-opensource-src-4.8.7/tools/activeqt/dumpdoc\dumpdoc.vcxproj", "{F7042D7E-B4B7-3AB6-A1D1-3340506D2E27}"
EndProject
Project("{8BC9CEB8-8B4A-11D0-8D11-00A0C91BC942}") = "dumpcpp", "C:/novasulf-II/qt-everywhere-opensource-src-4.8.7/tools/activeqt/dumpcpp\dumpcpp.vcxproj", "{17BFB33A-1E3F-39B3-879B-DB96D0E94FD4}"
EndProject
Project("{8BC9CEB8-8B4A-11D0-8D11-00A0C91BC942}") = "testcon", "C:/novasulf-II/qt-everywhere-opensource-src-4.8.7/tools/activeqt/testcon\testcon.vcxproj", "{464499D9-CC42-37E3-9005-EFF04377227D}"
EndProject
Project("{8BC9CEB8-8B4A-11D0-8D11-00A0C91BC942}") = "lrelease", "C:/novasulf-II/qt-everywhere-opensource-src-4.8.7/tools/linguist/lrelease\lrelease.vcxproj", "{60A648BB-934D-3ECE-AB1C-B7A0086AADEC}"
EndProject
Project("{8BC9CEB8-8B4A-11D0-8D11-00A0C91BC942}") = "lupdate", "C:/novasulf-II/qt-everywhere-opensource-src-4.8.7/tools/linguist/lupdate\lupdate.vcxproj", "{4C914374-2EAA-31A4-959D-A5B164289337}"
EndProject
Project("{8BC9CEB8-8B4A-11D0-8D11-00A0C91BC942}") = "lconvert", "C:/novasulf-II/qt-everywhere-opensource-src-4.8.7/tools/linguist/lconvert\lconvert.vcxproj", "{F8980AAF-3E01-3F1C-9B06-8ED229774C3B}"
EndProject
Project("{8BC9CEB8-8B4A-11D0-8D11-00A0C91BC942}") = "linguist", "C:/novasulf-II/qt-everywhere-opensource-src-4.8.7/tools/linguist/linguist\linguist.vcxproj", "{5CD581BB-5C2B-3F6A-83E8-CAEA902E1DDF}"
EndProject
Project("{8BC9CEB8-8B4A-11D0-8D11-00A0C91BC942}") = "assistant", "C:/novasulf-II/qt-everywhere-opensource-src-4.8.7/tools/assistant/tools/assistant\assistant.vcxproj", "{BF265F08-FC81-3F69-86B7-5E7B48839150}"
EndProject
Project("{8BC9CEB8-8B4A-11D0-8D11-00A0C91BC942}") = "qhelpgenerator", "C:/novasulf-II/qt-everywhere-opensource-src-4.8.7/tools/assistant/tools/qhelpgenerator\qhelpgenerator.vcxproj", "{CB5C5212-E9AA-3EE8-8B06-1B88887917C6}"
EndProject
Project("{8BC9CEB8-8B4A-11D0-8D11-00A0C91BC942}") = "qcollectiongenerator", "C:/novasulf-II/qt-everywhere-opensource-src-4.8.7/tools/assistant/tools/qcollectiongenerator\qcollectiongenerator.vcxproj", "{7D3C932D-B021-3861-8BC8-B5470C858844}"
EndProject
Project("{8BC9CEB8-8B4A-11D0-8D11-00A0C91BC942}") = "qhelpconverter", "C:/novasulf-II/qt-everywhere-opensource-src-4.8.7/tools/assistant/tools/qhelpconverter\qhelpconverter.vcxproj", "{69CB80A6-0FE0-3E6E-9725-CEEF0DB618FA}"
EndProject
Project("{8BC9CEB8-8B4A-11D0-8D11-00A0C91BC942}") = "QtUiTools", "C:/novasulf-II/qt-everywhere-opensource-src-4.8.7/tools/designer/src/uitools\QtUiTools.vcxproj", "{F9646E32-315A-327B-AAAD-B9C49177C993}"
EndProject
Project("{8BC9CEB8-8B4A-11D0-8D11-00A0C91BC942}") = "QtDesigner", "C:/novasulf-II/qt-everywhere-opensource-src-4.8.7/tools/designer/src/lib\QtDesigner.vcxproj", "{6BAFD9B3-1136-381C-90C1-D17E753814C6}"
EndProject
Project("{8BC9CEB8-8B4A-11D0-8D11-00A0C91BC942}") = "designer", "C:/novasulf-II/qt-everywhere-opensource-src-4.8.7/tools/designer/src/designer\designer.vcxproj", "{3C93B537-990D-3B40-835A-56996F1DC400}"
EndProject
Project("{8BC9CEB8-8B4A-11D0-8D11-00A0C91BC942}") = "QtDesignerComponents", "C:/novasulf-II/qt-everywhere-opensource-src-4.8.7/tools/designer/src/components/lib\QtDesignerComponents.vcxproj", "{086A5DD9-1129-3FE1-9B60-6EFA39FE8669}"
EndProject
Global
	GlobalSection(SolutionConfigurationPlatforms) = preSolution
		Debug|Win32 = Debug|Win32
		Release|Win32 = Release|Win32
	EndGlobalSection
	GlobalSection(ProjectDependencies) = postSolution
		{3C473445-B9DD-3C2C-8F2C-C556855610DF}.0 = {EC5A8E40-DAAA-347F-B610-7BF10290819F}
		{0517E593-8E1C-345F-85E0-E918D5E1BD54}.0 = {EC5A8E40-DAAA-347F-B610-7BF10290819F}
		{CE0C2772-575A-3A4D-A96B-AE0E3AF05C5A}.0 = {EC5A8E40-DAAA-347F-B610-7BF10290819F}
		{BBBB49DE-8A85-3452-A11A-9CFB5DAA5BBD}.0 = {3C473445-B9DD-3C2C-8F2C-C556855610DF}
		{FD34ADFE-F08C-3DDB-82DA-9C141D941C33}.0 = {3C473445-B9DD-3C2C-8F2C-C556855610DF}
		{0B624A8D-BE00-3967-9CF4-E0EFB3A38B9D}.0 = {3C473445-B9DD-3C2C-8F2C-C556855610DF}
		{0B624A8D-BE00-3967-9CF4-E0EFB3A38B9D}.1 = {FD34ADFE-F08C-3DDB-82DA-9C141D941C33}
		{D8D1C22B-A776-36D6-A781-9CA255E26766}.0 = {3C473445-B9DD-3C2C-8F2C-C556855610DF}
		{D8D1C22B-A776-36D6-A781-9CA255E26766}.1 = {FD34ADFE-F08C-3DDB-82DA-9C141D941C33}
		{21FB2BCD-6301-39E4-858C-A3C76E63D428}.0 = {3C473445-B9DD-3C2C-8F2C-C556855610DF}
		{21FB2BCD-6301-39E4-858C-A3C76E63D428}.1 = {FD34ADFE-F08C-3DDB-82DA-9C141D941C33}
		{3F0B86BB-C248-31AE-AD43-C6B752D0C584}.0 = {3C473445-B9DD-3C2C-8F2C-C556855610DF}
		{3F0B86BB-C248-31AE-AD43-C6B752D0C584}.1 = {FD34ADFE-F08C-3DDB-82DA-9C141D941C33}
		{56E36077-0B8A-36C5-8DA8-DF3FB371439A}.0 = {3C473445-B9DD-3C2C-8F2C-C556855610DF}
		{56E36077-0B8A-36C5-8DA8-DF3FB371439A}.1 = {0517E593-8E1C-345F-85E0-E918D5E1BD54}
		{56E36077-0B8A-36C5-8DA8-DF3FB371439A}.2 = {CE0C2772-575A-3A4D-A96B-AE0E3AF05C5A}
		{56E36077-0B8A-36C5-8DA8-DF3FB371439A}.3 = {FD34ADFE-F08C-3DDB-82DA-9C141D941C33}
		{3624ACCE-DB36-3F21-A279-6639B5405787}.0 = {3C473445-B9DD-3C2C-8F2C-C556855610DF}
		{3624ACCE-DB36-3F21-A279-6639B5405787}.1 = {21FB2BCD-6301-39E4-858C-A3C76E63D428}
		{3624ACCE-DB36-3F21-A279-6639B5405787}.2 = {0B624A8D-BE00-3967-9CF4-E0EFB3A38B9D}
		{3624ACCE-DB36-3F21-A279-6639B5405787}.3 = {56E36077-0B8A-36C5-8DA8-DF3FB371439A}
		{3624ACCE-DB36-3F21-A279-6639B5405787}.4 = {D8D1C22B-A776-36D6-A781-9CA255E26766}
		{3624ACCE-DB36-3F21-A279-6639B5405787}.5 = {FD34ADFE-F08C-3DDB-82DA-9C141D941C33}
		{59BA6DC8-315C-3F06-A304-ED6E2E051954}.0 = {3C473445-B9DD-3C2C-8F2C-C556855610DF}
		{59BA6DC8-315C-3F06-A304-ED6E2E051954}.1 = {3624ACCE-DB36-3F21-A279-6639B5405787}
		{59BA6DC8-315C-3F06-A304-ED6E2E051954}.2 = {0B624A8D-BE00-3967-9CF4-E0EFB3A38B9D}
		{59BA6DC8-315C-3F06-A304-ED6E2E051954}.3 = {56E36077-0B8A-36C5-8DA8-DF3FB371439A}
		{59BA6DC8-315C-3F06-A304-ED6E2E051954}.4 = {FD34ADFE-F08C-3DDB-82DA-9C141D941C33}
		{12EA68CA-9371-3D2F-BD4E-8D440D5BC358}.0 = {EC5A8E40-DAAA-347F-B610-7BF10290819F}
		{9292E83B-F201-3C35-9666-23B4BF6649A5}.0 = {3C473445-B9DD-3C2C-8F2C-C556855610DF}
		{9292E83B-F201-3C35-9666-23B4BF6649A5}.1 = {0517E593-8E1C-345F-85E0-E918D5E1BD54}
		{9292E83B-F201-3C35-9666-23B4BF6649A5}.2 = {D8D1C22B-A776-36D6-A781-9CA255E26766}
		{9292E83B-F201-3C35-9666-23B4BF6649A5}.3 = {FD34ADFE-F08C-3DDB-82DA-9C141D941C33}
		{C38DD055-6AA8-3D33-BFC6-BBBDF1903289}.0 = {3C473445-B9DD-3C2C-8F2C-C556855610DF}
		{C38DD055-6AA8-3D33-BFC6-BBBDF1903289}.1 = {56E36077-0B8A-36C5-8DA8-DF3FB371439A}
		{C38DD055-6AA8-3D33-BFC6-BBBDF1903289}.2 = {FD34ADFE-F08C-3DDB-82DA-9C141D941C33}
		{2D0C70F6-B2D6-395D-AC66-1FBE8D4A21DF}.0 = {3C473445-B9DD-3C2C-8F2C-C556855610DF}
		{2D0C70F6-B2D6-395D-AC66-1FBE8D4A21DF}.1 = {56E36077-0B8A-36C5-8DA8-DF3FB371439A}
		{2D0C70F6-B2D6-395D-AC66-1FBE8D4A21DF}.2 = {FD34ADFE-F08C-3DDB-82DA-9C141D941C33}
		{33D16376-CF44-3C32-B9AE-0E7A7B86AAD8}.0 = {3C473445-B9DD-3C2C-8F2C-C556855610DF}
		{33D16376-CF44-3C32-B9AE-0E7A7B86AAD8}.1 = {56E36077-0B8A-36C5-8DA8-DF3FB371439A}
		{33D16376-CF44-3C32-B9AE-0E7A7B86AAD8}.2 = {FD34ADFE-F08C-3DDB-82DA-9C141D941C33}
		{27DDDEEE-F9E3-3C77-89BF-0212E12B7295}.0 = {60A648BB-934D-3ECE-AB1C-B7A0086AADEC}
		{745D09CF-D805-3684-9CFE-E75159C8BAD9}.0 = {3C473445-B9DD-3C2C-8F2C-C556855610DF}
		{745D09CF-D805-3684-9CFE-E75159C8BAD9}.1 = {CE0C2772-575A-3A4D-A96B-AE0E3AF05C5A}
		{745D09CF-D805-3684-9CFE-E75159C8BAD9}.2 = {56E36077-0B8A-36C5-8DA8-DF3FB371439A}
		{745D09CF-D805-3684-9CFE-E75159C8BAD9}.3 = {FD34ADFE-F08C-3DDB-82DA-9C141D941C33}
		{61BBF62A-3EEA-3057-8B80-01EC00849272}.0 = {3C473445-B9DD-3C2C-8F2C-C556855610DF}
		{61BBF62A-3EEA-3057-8B80-01EC00849272}.1 = {56E36077-0B8A-36C5-8DA8-DF3FB371439A}
		{61BBF62A-3EEA-3057-8B80-01EC00849272}.2 = {FD34ADFE-F08C-3DDB-82DA-9C141D941C33}
		{9CAC4CD9-85DF-3284-AC6F-7C47BA0AC133}.0 = {3C473445-B9DD-3C2C-8F2C-C556855610DF}
		{9CAC4CD9-85DF-3284-AC6F-7C47BA0AC133}.1 = {BBBB49DE-8A85-3452-A11A-9CFB5DAA5BBD}
		{9CAC4CD9-85DF-3284-AC6F-7C47BA0AC133}.2 = {56E36077-0B8A-36C5-8DA8-DF3FB371439A}
		{9CAC4CD9-85DF-3284-AC6F-7C47BA0AC133}.3 = {D8D1C22B-A776-36D6-A781-9CA255E26766}
		{9CAC4CD9-85DF-3284-AC6F-7C47BA0AC133}.4 = {FD34ADFE-F08C-3DDB-82DA-9C141D941C33}
		{143F8F8D-8FD1-3737-A053-2C18AFD1D422}.0 = {3C473445-B9DD-3C2C-8F2C-C556855610DF}
		{143F8F8D-8FD1-3737-A053-2C18AFD1D422}.1 = {56E36077-0B8A-36C5-8DA8-DF3FB371439A}
		{143F8F8D-8FD1-3737-A053-2C18AFD1D422}.2 = {FD34ADFE-F08C-3DDB-82DA-9C141D941C33}
		{713D7362-0D09-3917-AA8D-41365FF8CA8D}.0 = {3C473445-B9DD-3C2C-8F2C-C556855610DF}
		{713D7362-0D09-3917-AA8D-41365FF8CA8D}.1 = {9292E83B-F201-3C35-9666-23B4BF6649A5}
		{713D7362-0D09-3917-AA8D-41365FF8CA8D}.2 = {FD34ADFE-F08C-3DDB-82DA-9C141D941C33}
		{C6EED8D1-DFAD-3988-978D-5E7A145845F2}.0 = {3C473445-B9DD-3C2C-8F2C-C556855610DF}
		{C6EED8D1-DFAD-3988-978D-5E7A145845F2}.1 = {9292E83B-F201-3C35-9666-23B4BF6649A5}
		{C6EED8D1-DFAD-3988-978D-5E7A145845F2}.2 = {FD34ADFE-F08C-3DDB-82DA-9C141D941C33}
		{C7EBC7C5-2516-398E-9A53-0DFC422694C5}.0 = {3C473445-B9DD-3C2C-8F2C-C556855610DF}
		{C7EBC7C5-2516-398E-9A53-0DFC422694C5}.1 = {0B624A8D-BE00-3967-9CF4-E0EFB3A38B9D}
		{C7EBC7C5-2516-398E-9A53-0DFC422694C5}.2 = {FD34ADFE-F08C-3DDB-82DA-9C141D941C33}
		{6C727496-92BD-36F4-96B8-D2AD9FAB23E5}.0 = {3C473445-B9DD-3C2C-8F2C-C556855610DF}
		{6C727496-92BD-36F4-96B8-D2AD9FAB23E5}.1 = {D8D1C22B-A776-36D6-A781-9CA255E26766}
		{6C727496-92BD-36F4-96B8-D2AD9FAB23E5}.2 = {FD34ADFE-F08C-3DDB-82DA-9C141D941C33}
		{E88E9D3A-9C23-3E7C-BC4C-1C4F11C43E5E}.0 = {3C473445-B9DD-3C2C-8F2C-C556855610DF}
		{E88E9D3A-9C23-3E7C-BC4C-1C4F11C43E5E}.1 = {D8D1C22B-A776-36D6-A781-9CA255E26766}
		{E88E9D3A-9C23-3E7C-BC4C-1C4F11C43E5E}.2 = {FD34ADFE-F08C-3DDB-82DA-9C141D941C33}
		{EDE43037-2C76-3FFF-919C-6ACDA34405DA}.0 = {3C473445-B9DD-3C2C-8F2C-C556855610DF}
		{EDE43037-2C76-3FFF-919C-6ACDA34405DA}.1 = {FD34ADFE-F08C-3DDB-82DA-9C141D941C33}
		{3CE8E2B7-0BB3-3AF4-A556-61F7E63C6C01}.0 = {3C473445-B9DD-3C2C-8F2C-C556855610DF}
		{3CE8E2B7-0BB3-3AF4-A556-61F7E63C6C01}.1 = {FD34ADFE-F08C-3DDB-82DA-9C141D941C33}
		{A803D64B-E76D-338D-B65F-62F5F249CC42}.0 = {3C473445-B9DD-3C2C-8F2C-C556855610DF}
		{A803D64B-E76D-338D-B65F-62F5F249CC42}.1 = {FD34ADFE-F08C-3DDB-82DA-9C141D941C33}
		{5916F55E-A94D-3300-8F9E-67C1E6F0FB28}.0 = {3C473445-B9DD-3C2C-8F2C-C556855610DF}
		{5916F55E-A94D-3300-8F9E-67C1E6F0FB28}.1 = {FD34ADFE-F08C-3DDB-82DA-9C141D941C33}
		{63AE1779-757B-3F89-B0D7-DD085ECACB3D}.0 = {3C473445-B9DD-3C2C-8F2C-C556855610DF}
		{63AE1779-757B-3F89-B0D7-DD085ECACB3D}.1 = {33D16376-CF44-3C32-B9AE-0E7A7B86AAD8}
		{63AE1779-757B-3F89-B0D7-DD085ECACB3D}.2 = {0B624A8D-BE00-3967-9CF4-E0EFB3A38B9D}
		{63AE1779-757B-3F89-B0D7-DD085ECACB3D}.3 = {56E36077-0B8A-36C5-8DA8-DF3FB371439A}
		{63AE1779-757B-3F89-B0D7-DD085ECACB3D}.4 = {FD34ADFE-F08C-3DDB-82DA-9C141D941C33}
		{203283EC-6DBC-3651-88BB-A907DFF7AA0D}.0 = {3C473445-B9DD-3C2C-8F2C-C556855610DF}
		{203283EC-6DBC-3651-88BB-A907DFF7AA0D}.1 = {56E36077-0B8A-36C5-8DA8-DF3FB371439A}
		{203283EC-6DBC-3651-88BB-A907DFF7AA0D}.2 = {FD34ADFE-F08C-3DDB-82DA-9C141D941C33}
		{3F418898-BD46-396E-94DE-CADB3DEF99BF}.0 = {3C473445-B9DD-3C2C-8F2C-C556855610DF}
		{3F418898-BD46-396E-94DE-CADB3DEF99BF}.1 = {56E36077-0B8A-36C5-8DA8-DF3FB371439A}
		{3F418898-BD46-396E-94DE-CADB3DEF99BF}.2 = {FD34ADFE-F08C-3DDB-82DA-9C141D941C33}
		{103538D6-4EBC-3CD6-A533-347C2DC97B98}.0 = {3C473445-B9DD-3C2C-8F2C-C556855610DF}
		{103538D6-4EBC-3CD6-A533-347C2DC97B98}.1 = {33D16376-CF44-3C32-B9AE-0E7A7B86AAD8}
		{103538D6-4EBC-3CD6-A533-347C2DC97B98}.2 = {0B624A8D-BE00-3967-9CF4-E0EFB3A38B9D}
		{103538D6-4EBC-3CD6-A533-347C2DC97B98}.3 = {56E36077-0B8A-36C5-8DA8-DF3FB371439A}
		{103538D6-4EBC-3CD6-A533-347C2DC97B98}.4 = {FD34ADFE-F08C-3DDB-82DA-9C141D941C33}
		{B7285BD8-C1CB-3F9F-942A-97C673457260}.0 = {3C473445-B9DD-3C2C-8F2C-C556855610DF}
		{B7285BD8-C1CB-3F9F-942A-97C673457260}.1 = {56E36077-0B8A-36C5-8DA8-DF3FB371439A}
		{B7285BD8-C1CB-3F9F-942A-97C673457260}.2 = {D8D1C22B-A776-36D6-A781-9CA255E26766}
		{B7285BD8-C1CB-3F9F-942A-97C673457260}.3 = {FD34ADFE-F08C-3DDB-82DA-9C141D941C33}
		{69608A1B-FEBD-3D27-ABCC-38E23C2D1F77}.0 = {3C473445-B9DD-3C2C-8F2C-C556855610DF}
		{69608A1B-FEBD-3D27-ABCC-38E23C2D1F77}.1 = {56E36077-0B8A-36C5-8DA8-DF3FB371439A}
		{69608A1B-FEBD-3D27-ABCC-38E23C2D1F77}.2 = {FD34ADFE-F08C-3DDB-82DA-9C141D941C33}
		{74A319D7-E85C-3FE8-91F3-CF36EB8139B1}.0 = {3C473445-B9DD-3C2C-8F2C-C556855610DF}
		{74A319D7-E85C-3FE8-91F3-CF36EB8139B1}.1 = {3624ACCE-DB36-3F21-A279-6639B5405787}
		{74A319D7-E85C-3FE8-91F3-CF36EB8139B1}.2 = {56E36077-0B8A-36C5-8DA8-DF3FB371439A}
		{74A319D7-E85C-3FE8-91F3-CF36EB8139B1}.3 = {FD34ADFE-F08C-3DDB-82DA-9C141D941C33}
		{33CA0843-61EE-3F35-BA09-E63D1E6665F3}.0 = {3C473445-B9DD-3C2C-8F2C-C556855610DF}
		{33CA0843-61EE-3F35-BA09-E63D1E6665F3}.1 = {C38DD055-6AA8-3D33-BFC6-BBBDF1903289}
		{33CA0843-61EE-3F35-BA09-E63D1E6665F3}.2 = {56E36077-0B8A-36C5-8DA8-DF3FB371439A}
		{33CA0843-61EE-3F35-BA09-E63D1E6665F3}.3 = {FD34ADFE-F08C-3DDB-82DA-9C141D941C33}
		{C8075476-8DE9-3F3E-BEF3-9A051A519FB5}.0 = {3C473445-B9DD-3C2C-8F2C-C556855610DF}
		{C8075476-8DE9-3F3E-BEF3-9A051A519FB5}.1 = {FD34ADFE-F08C-3DDB-82DA-9C141D941C33}
		{FE041A0A-F597-3012-9874-CF7DD52723F3}.0 = {3C473445-B9DD-3C2C-8F2C-C556855610DF}
		{FE041A0A-F597-3012-9874-CF7DD52723F3}.1 = {0517E593-8E1C-345F-85E0-E918D5E1BD54}
		{FE041A0A-F597-3012-9874-CF7DD52723F3}.2 = {21FB2BCD-6301-39E4-858C-A3C76E63D428}
		{FE041A0A-F597-3012-9874-CF7DD52723F3}.3 = {56E36077-0B8A-36C5-8DA8-DF3FB371439A}
		{FE041A0A-F597-3012-9874-CF7DD52723F3}.4 = {D8D1C22B-A776-36D6-A781-9CA255E26766}
		{FE041A0A-F597-3012-9874-CF7DD52723F3}.5 = {FD34ADFE-F08C-3DDB-82DA-9C141D941C33}
		{FE041A0A-F597-3012-9874-CF7DD52723F3}.6 = {C8075476-8DE9-3F3E-BEF3-9A051A519FB5}
		{F561236D-EFDF-3A2C-B445-FCEF3E4F442C}.0 = {3C473445-B9DD-3C2C-8F2C-C556855610DF}
		{F561236D-EFDF-3A2C-B445-FCEF3E4F442C}.1 = {0517E593-8E1C-345F-85E0-E918D5E1BD54}
		{F561236D-EFDF-3A2C-B445-FCEF3E4F442C}.2 = {0B624A8D-BE00-3967-9CF4-E0EFB3A38B9D}
		{F561236D-EFDF-3A2C-B445-FCEF3E4F442C}.3 = {FD34ADFE-F08C-3DDB-82DA-9C141D941C33}
		{344C73CD-0064-3C1D-839D-5A160B00CE72}.0 = {3C473445-B9DD-3C2C-8F2C-C556855610DF}
		{344C73CD-0064-3C1D-839D-5A160B00CE72}.1 = {BBBB49DE-8A85-3452-A11A-9CFB5DAA5BBD}
		{344C73CD-0064-3C1D-839D-5A160B00CE72}.2 = {FD34ADFE-F08C-3DDB-82DA-9C141D941C33}
		{F7042D7E-B4B7-3AB6-A1D1-3340506D2E27}.0 = {3C473445-B9DD-3C2C-8F2C-C556855610DF}
		{F7042D7E-B4B7-3AB6-A1D1-3340506D2E27}.1 = {745D09CF-D805-3684-9CFE-E75159C8BAD9}
		{F7042D7E-B4B7-3AB6-A1D1-3340506D2E27}.2 = {56E36077-0B8A-36C5-8DA8-DF3FB371439A}
		{F7042D7E-B4B7-3AB6-A1D1-3340506D2E27}.3 = {FD34ADFE-F08C-3DDB-82DA-9C141D941C33}
		{17BFB33A-1E3F-39B3-879B-DB96D0E94FD4}.0 = {3C473445-B9DD-3C2C-8F2C-C556855610DF}
		{17BFB33A-1E3F-39B3-879B-DB96D0E94FD4}.1 = {745D09CF-D805-3684-9CFE-E75159C8BAD9}
		{17BFB33A-1E3F-39B3-879B-DB96D0E94FD4}.2 = {56E36077-0B8A-36C5-8DA8-DF3FB371439A}
		{17BFB33A-1E3F-39B3-879B-DB96D0E94FD4}.3 = {FD34ADFE-F08C-3DDB-82DA-9C141D941C33}
		{464499D9-CC42-37E3-9005-EFF04377227D}.0 = {12EA68CA-9371-3D2F-BD4E-8D440D5BC358}
		{464499D9-CC42-37E3-9005-EFF04377227D}.1 = {3C473445-B9DD-3C2C-8F2C-C556855610DF}
		{464499D9-CC42-37E3-9005-EFF04377227D}.2 = {CE0C2772-575A-3A4D-A96B-AE0E3AF05C5A}
		{464499D9-CC42-37E3-9005-EFF04377227D}.3 = {61BBF62A-3EEA-3057-8B80-01EC00849272}
		{464499D9-CC42-37E3-9005-EFF04377227D}.4 = {745D09CF-D805-3684-9CFE-E75159C8BAD9}
		{464499D9-CC42-37E3-9005-EFF04377227D}.5 = {56E36077-0B8A-36C5-8DA8-DF3FB371439A}
		{464499D9-CC42-37E3-9005-EFF04377227D}.6 = {FD34ADFE-F08C-3DDB-82DA-9C141D941C33}
		{60A648BB-934D-3ECE-AB1C-B7A0086AADEC}.0 = {EC5A8E40-DAAA-347F-B610-7BF10290819F}
		{4C914374-2EAA-31A4-959D-A5B164289337}.0 = {3C473445-B9DD-3C2C-8F2C-C556855610DF}
		{4C914374-2EAA-31A4-959D-A5B164289337}.1 = {0B624A8D-BE00-3967-9CF4-E0EFB3A38B9D}
		{4C914374-2EAA-31A4-959D-A5B164289337}.2 = {FD34ADFE-F08C-3DDB-82DA-9C141D941C33}
		{F8980AAF-3E01-3F1C-9B06-8ED229774C3B}.0 = {3C473445-B9DD-3C2C-8F2C-C556855610DF}
		{F8980AAF-3E01-3F1C-9B06-8ED229774C3B}.1 = {0B624A8D-BE00-3967-9CF4-E0EFB3A38B9D}
		{F8980AAF-3E01-3F1C-9B06-8ED229774C3B}.2 = {FD34ADFE-F08C-3DDB-82DA-9C141D941C33}
		{5CD581BB-5C2B-3F6A-83E8-CAEA902E1DDF}.0 = {3C473445-B9DD-3C2C-8F2C-C556855610DF}
		{5CD581BB-5C2B-3F6A-83E8-CAEA902E1DDF}.1 = {0517E593-8E1C-345F-85E0-E918D5E1BD54}
		{5CD581BB-5C2B-3F6A-83E8-CAEA902E1DDF}.2 = {CE0C2772-575A-3A4D-A96B-AE0E3AF05C5A}
		{5CD581BB-5C2B-3F6A-83E8-CAEA902E1DDF}.3 = {BBBB49DE-8A85-3452-A11A-9CFB5DAA5BBD}
		{5CD581BB-5C2B-3F6A-83E8-CAEA902E1DDF}.4 = {0B624A8D-BE00-3967-9CF4-E0EFB3A38B9D}
		{5CD581BB-5C2B-3F6A-83E8-CAEA902E1DDF}.5 = {56E36077-0B8A-36C5-8DA8-DF3FB371439A}
		{5CD581BB-5C2B-3F6A-83E8-CAEA902E1DDF}.6 = {FD34ADFE-F08C-3DDB-82DA-9C141D941C33}
		{5CD581BB-5C2B-3F6A-83E8-CAEA902E1DDF}.7 = {F9646E32-315A-327B-AAAD-B9C49177C993}
		{BF265F08-FC81-3F69-86B7-5E7B48839150}.0 = {3C473445-B9DD-3C2C-8F2C-C556855610DF}
		{BF265F08-FC81-3F69-86B7-5E7B48839150}.1 = {0517E593-8E1C-345F-85E0-E918D5E1BD54}
		{BF265F08-FC81-3F69-86B7-5E7B48839150}.2 = {CE0C2772-575A-3A4D-A96B-AE0E3AF05C5A}
		{BF265F08-FC81-3F69-86B7-5E7B48839150}.3 = {BBBB49DE-8A85-3452-A11A-9CFB5DAA5BBD}
		{BF265F08-FC81-3F69-86B7-5E7B48839150}.4 = {FE041A0A-F597-3012-9874-CF7DD52723F3}
		{BF265F08-FC81-3F69-86B7-5E7B48839150}.5 = {21FB2BCD-6301-39E4-858C-A3C76E63D428}
		{BF265F08-FC81-3F69-86B7-5E7B48839150}.6 = {56E36077-0B8A-36C5-8DA8-DF3FB371439A}
		{BF265F08-FC81-3F69-86B7-5E7B48839150}.7 = {D8D1C22B-A776-36D6-A781-9CA255E26766}
		{BF265F08-FC81-3F69-86B7-5E7B48839150}.8 = {FD34ADFE-F08C-3DDB-82DA-9C141D941C33}
		{CB5C5212-E9AA-3EE8-8B06-1B88887917C6}.0 = {3C473445-B9DD-3C2C-8F2C-C556855610DF}
		{CB5C5212-E9AA-3EE8-8B06-1B88887917C6}.1 = {FE041A0A-F597-3012-9874-CF7DD52723F3}
		{CB5C5212-E9AA-3EE8-8B06-1B88887917C6}.2 = {21FB2BCD-6301-39E4-858C-A3C76E63D428}
		{CB5C5212-E9AA-3EE8-8B06-1B88887917C6}.3 = {56E36077-0B8A-36C5-8DA8-DF3FB371439A}
		{CB5C5212-E9AA-3EE8-8B06-1B88887917C6}.4 = {D8D1C22B-A776-36D6-A781-9CA255E26766}
		{CB5C5212-E9AA-3EE8-8B06-1B88887917C6}.5 = {FD34ADFE-F08C-3DDB-82DA-9C141D941C33}
		{7D3C932D-B021-3861-8BC8-B5470C858844}.0 = {3C473445-B9DD-3C2C-8F2C-C556855610DF}
		{7D3C932D-B021-3861-8BC8-B5470C858844}.1 = {FE041A0A-F597-3012-9874-CF7DD52723F3}
		{7D3C932D-B021-3861-8BC8-B5470C858844}.2 = {21FB2BCD-6301-39E4-858C-A3C76E63D428}
		{7D3C932D-B021-3861-8BC8-B5470C858844}.3 = {0B624A8D-BE00-3967-9CF4-E0EFB3A38B9D}
		{7D3C932D-B021-3861-8BC8-B5470C858844}.4 = {56E36077-0B8A-36C5-8DA8-DF3FB371439A}
		{7D3C932D-B021-3861-8BC8-B5470C858844}.5 = {D8D1C22B-A776-36D6-A781-9CA255E26766}
		{7D3C932D-B021-3861-8BC8-B5470C858844}.6 = {FD34ADFE-F08C-3DDB-82DA-9C141D941C33}
		{69CB80A6-0FE0-3E6E-9725-CEEF0DB618FA}.0 = {3C473445-B9DD-3C2C-8F2C-C556855610DF}
		{69CB80A6-0FE0-3E6E-9725-CEEF0DB618FA}.1 = {0517E593-8E1C-345F-85E0-E918D5E1BD54}
		{69CB80A6-0FE0-3E6E-9725-CEEF0DB618FA}.2 = {CE0C2772-575A-3A4D-A96B-AE0E3AF05C5A}
		{69CB80A6-0FE0-3E6E-9725-CEEF0DB618FA}.3 = {BBBB49DE-8A85-3452-A11A-9CFB5DAA5BBD}
		{69CB80A6-0FE0-3E6E-9725-CEEF0DB618FA}.4 = {FE041A0A-F597-3012-9874-CF7DD52723F3}
		{69CB80A6-0FE0-3E6E-9725-CEEF0DB618FA}.5 = {21FB2BCD-6301-39E4-858C-A3C76E63D428}
		{69CB80A6-0FE0-3E6E-9725-CEEF0DB618FA}.6 = {0B624A8D-BE00-3967-9CF4-E0EFB3A38B9D}
		{69CB80A6-0FE0-3E6E-9725-CEEF0DB618FA}.7 = {56E36077-0B8A-36C5-8DA8-DF3FB371439A}
		{69CB80A6-0FE0-3E6E-9725-CEEF0DB618FA}.8 = {FD34ADFE-F08C-3DDB-82DA-9C141D941C33}
		{F9646E32-315A-327B-AAAD-B9C49177C993}.0 = {3C473445-B9DD-3C2C-8F2C-C556855610DF}
		{F9646E32-315A-327B-AAAD-B9C49177C993}.1 = {0B624A8D-BE00-3967-9CF4-E0EFB3A38B9D}
		{F9646E32-315A-327B-AAAD-B9C49177C993}.2 = {56E36077-0B8A-36C5-8DA8-DF3FB371439A}
		{F9646E32-315A-327B-AAAD-B9C49177C993}.3 = {FD34ADFE-F08C-3DDB-82DA-9C141D941C33}
		{6BAFD9B3-1136-381C-90C1-D17E753814C6}.0 = {3C473445-B9DD-3C2C-8F2C-C556855610DF}
		{6BAFD9B3-1136-381C-90C1-D17E753814C6}.1 = {0517E593-8E1C-345F-85E0-E918D5E1BD54}
		{6BAFD9B3-1136-381C-90C1-D17E753814C6}.2 = {CE0C2772-575A-3A4D-A96B-AE0E3AF05C5A}
		{6BAFD9B3-1136-381C-90C1-D17E753814C6}.3 = {0B624A8D-BE00-3967-9CF4-E0EFB3A38B9D}
		{6BAFD9B3-1136-381C-90C1-D17E753814C6}.4 = {56E36077-0B8A-36C5-8DA8-DF3FB371439A}
		{6BAFD9B3-1136-381C-90C1-D17E753814C6}.5 = {FD34ADFE-F08C-3DDB-82DA-9C141D941C33}
		{3C93B537-990D-3B40-835A-56996F1DC400}.0 = {3C473445-B9DD-3C2C-8F2C-C556855610DF}
		{3C93B537-990D-3B40-835A-56996F1DC400}.1 = {0517E593-8E1C-345F-85E0-E918D5E1BD54}
		{3C93B537-990D-3B40-835A-56996F1DC400}.2 = {CE0C2772-575A-3A4D-A96B-AE0E3AF05C5A}
		{3C93B537-990D-3B40-835A-56996F1DC400}.3 = {BBBB49DE-8A85-3452-A11A-9CFB5DAA5BBD}
		{3C93B537-990D-3B40-835A-56996F1DC400}.4 = {086A5DD9-1129-3FE1-9B60-6EFA39FE8669}
		{3C93B537-990D-3B40-835A-56996F1DC400}.5 = {6BAFD9B3-1136-381C-90C1-D17E753814C6}
		{3C93B537-990D-3B40-835A-56996F1DC400}.6 = {0B624A8D-BE00-3967-9CF4-E0EFB3A38B9D}
		{3C93B537-990D-3B40-835A-56996F1DC400}.7 = {56E36077-0B8A-36C5-8DA8-DF3FB371439A}
		{3C93B537-990D-3B40-835A-56996F1DC400}.8 = {D8D1C22B-A776-36D6-A781-9CA255E26766}
		{3C93B537-990D-3B40-835A-56996F1DC400}.9 = {FD34ADFE-F08C-3DDB-82DA-9C141D941C33}
		{086A5DD9-1129-3FE1-9B60-6EFA39FE8669}.0 = {3C473445-B9DD-3C2C-8F2C-C556855610DF}
		{086A5DD9-1129-3FE1-9B60-6EFA39FE8669}.1 = {0517E593-8E1C-345F-85E0-E918D5E1BD54}
		{086A5DD9-1129-3FE1-9B60-6EFA39FE8669}.2 = {CE0C2772-575A-3A4D-A96B-AE0E3AF05C5A}
		{086A5DD9-1129-3FE1-9B60-6EFA39FE8669}.3 = {0B624A8D-BE00-3967-9CF4-E0EFB3A38B9D}
		{086A5DD9-1129-3FE1-9B60-6EFA39FE8669}.4 = {56E36077-0B8A-36C5-8DA8-DF3FB371439A}
		{086A5DD9-1129-3FE1-9B60-6EFA39FE8669}.5 = {FD34ADFE-F08C-3DDB-82DA-9C141D941C33}
		{086A5DD9-1129-3FE1-9B60-6EFA39FE8669}.6 = {6BAFD9B3-1136-381C-90C1-D17E753814C6}
	EndGlobalSection
	GlobalSection(ProjectConfigurationPlatforms) = postSolution
		{EC5A8E40-DAAA-347F-B610-7BF10290819F}.Debug|Win32.ActiveCfg = Debug|Win32
		{EC5A8E40-DAAA-347F-B610-7BF10290819F}.Debug|Win32.Build.0 = Debug|Win32
		{EC5A8E40-DAAA-347F-B610-7BF10290819F}.Release|Win32.ActiveCfg = Release|Win32
		{EC5A8E40-DAAA-347F-B610-7BF10290819F}.Release|Win32.Build.0 = Release|Win32
		{3C473445-B9DD-3C2C-8F2C-C556855610DF}.Debug|Win32.ActiveCfg = Debug|Win32
		{3C473445-B9DD-3C2C-8F2C-C556855610DF}.Debug|Win32.Build.0 = Debug|Win32
		{3C473445-B9DD-3C2C-8F2C-C556855610DF}.Release|Win32.ActiveCfg = Release|Win32
		{3C473445-B9DD-3C2C-8F2C-C556855610DF}.Release|Win32.Build.0 = Release|Win32
		{0517E593-8E1C-345F-85E0-E918D5E1BD54}.Debug|Win32.ActiveCfg = Debug|Win32
		{0517E593-8E1C-345F-85E0-E918D5E1BD54}.Debug|Win32.Build.0 = Debug|Win32
		{0517E593-8E1C-345F-85E0-E918D5E1BD54}.Release|Win32.ActiveCfg = Release|Win32
		{0517E593-8E1C-345F-85E0-E918D5E1BD54}.Release|Win32.Build.0 = Release|Win32
		{CE0C2772-575A-3A4D-A96B-AE0E3AF05C5A}.Debug|Win32.ActiveCfg = Debug|Win32
		{CE0C2772-575A-3A4D-A96B-AE0E3AF05C5A}.Debug|Win32.Build.0 = Debug|Win32
		{CE0C2772-575A-3A4D-A96B-AE0E3AF05C5A}.Release|Win32.ActiveCfg = Release|Win32
		{CE0C2772-575A-3A4D-A96B-AE0E3AF05C5A}.Release|Win32.Build.0 = Release|Win32
		{BBBB49DE-8A85-3452-A11A-9CFB5DAA5BBD}.Debug|Win32.ActiveCfg = Debug|Win32
		{BBBB49DE-8A85-3452-A11A-9CFB5DAA5BBD}.Debug|Win32.Build.0 = Debug|Win32
		{BBBB49DE-8A85-3452-A11A-9CFB5DAA5BBD}.Release|Win32.ActiveCfg = Release|Win32
		{BBBB49DE-8A85-3452-A11A-9CFB5DAA5BBD}.Release|Win32.Build.0 = Release|Win32
		{FD34ADFE-F08C-3DDB-82DA-9C141D941C33}.Debug|Win32.ActiveCfg = Debug|Win32
		{FD34ADFE-F08C-3DDB-82DA-9C141D941C33}.Debug|Win32.Build.0 = Debug|Win32
		{FD34ADFE-F08C-3DDB-82DA-9C141D941C33}.Release|Win32.ActiveCfg = Release|Win32
		{FD34ADFE-F08C-3DDB-82DA-9C141D941C33}.Release|Win32.Build.0 = Release|Win32
		{0B624A8D-BE00-3967-9CF4-E0EFB3A38B9D}.Debug|Win32.ActiveCfg = Debug|Win32
		{0B624A8D-BE00-3967-9CF4-E0EFB3A38B9D}.Debug|Win32.Build.0 = Debug|Win32
		{0B624A8D-BE00-3967-9CF4-E0EFB3A38B9D}.Release|Win32.ActiveCfg = Release|Win32
		{0B624A8D-BE00-3967-9CF4-E0EFB3A38B9D}.Release|Win32.Build.0 = Release|Win32
		{D8D1C22B-A776-36D6-A781-9CA255E26766}.Debug|Win32.ActiveCfg = Debug|Win32
		{D8D1C22B-A776-36D6-A781-9CA255E26766}.Debug|Win32.Build.0 = Debug|Win32
		{D8D1C22B-A776-36D6-A781-9CA255E26766}.Release|Win32.ActiveCfg = Release|Win32
		{D8D1C22B-A776-36D6-A781-9CA255E26766}.Release|Win32.Build.0 = Release|Win32
		{21FB2BCD-6301-39E4-858C-A3C76E63D428}.Debug|Win32.ActiveCfg = Debug|Win32
		{21FB2BCD-6301-39E4-858C-A3C76E63D428}.Debug|Win32.Build.0 = Debug|Win32
		{21FB2BCD-6301-39E4-858C-A3C76E63D428}.Release|Win32.ActiveCfg = Release|Win32
		{21FB2BCD-6301-39E4-858C-A3C76E63D428}.Release|Win32.Build.0 = Release|Win32
		{3F0B86BB-C248-31AE-AD43-C6B752D0C584}.Debug|Win32.ActiveCfg = Debug|Win32
		{3F0B86BB-C248-31AE-AD43-C6B752D0C584}.Debug|Win32.Build.0 = Debug|Win32
		{3F0B86BB-C248-31AE-AD43-C6B752D0C584}.Release|Win32.ActiveCfg = Release|Win32
		{3F0B86BB-C248-31AE-AD43-C6B752D0C584}.Release|Win32.Build.0 = Release|Win32
		{56E36077-0B8A-36C5-8DA8-DF3FB371439A}.Debug|Win32.ActiveCfg = Debug|Win32
		{56E36077-0B8A-36C5-8DA8-DF3FB371439A}.Debug|Win32.Build.0 = Debug|Win32
		{56E36077-0B8A-36C5-8DA8-DF3FB371439A}.Release|Win32.ActiveCfg = Release|Win32
		{56E36077-0B8A-36C5-8DA8-DF3FB371439A}.Release|Win32.Build.0 = Release|Win32
		{3624ACCE-DB36-3F21-A279-6639B5405787}.Debug|Win32.ActiveCfg = Debug|Win32
		{3624ACCE-DB36-3F21-A279-6639B5405787}.Debug|Win32.Build.0 = Debug|Win32
		{3624ACCE-DB36-3F21-A279-6639B5405787}.Release|Win32.ActiveCfg = Release|Win32
		{3624ACCE-DB36-3F21-A279-6639B5405787}.Release|Win32.Build.0 = Release|Win32
		{59BA6DC8-315C-3F06-A304-ED6E2E051954}.Debug|Win32.ActiveCfg = Debug|Win32
		{59BA6DC8-315C-3F06-A304-ED6E2E051954}.Debug|Win32.Build.0 = Debug|Win32
		{59BA6DC8-315C-3F06-A304-ED6E2E051954}.Release|Win32.ActiveCfg = Release|Win32
		{59BA6DC8-315C-3F06-A304-ED6E2E051954}.Release|Win32.Build.0 = Release|Win32
		{12EA68CA-9371-3D2F-BD4E-8D440D5BC358}.Debug|Win32.ActiveCfg = Debug|Win32
		{12EA68CA-9371-3D2F-BD4E-8D440D5BC358}.Debug|Win32.Build.0 = Debug|Win32
		{12EA68CA-9371-3D2F-BD4E-8D440D5BC358}.Release|Win32.ActiveCfg = Release|Win32
		{12EA68CA-9371-3D2F-BD4E-8D440D5BC358}.Release|Win32.Build.0 = Release|Win32
		{9292E83B-F201-3C35-9666-23B4BF6649A5}.Debug|Win32.ActiveCfg = Debug|Win32
		{9292E83B-F201-3C35-9666-23B4BF6649A5}.Debug|Win32.Build.0 = Debug|Win32
		{9292E83B-F201-3C35-9666-23B4BF6649A5}.Release|Win32.ActiveCfg = Release|Win32
		{9292E83B-F201-3C35-9666-23B4BF6649A5}.Release|Win32.Build.0 = Release|Win32
		{C38DD055-6AA8-3D33-BFC6-BBBDF1903289}.Debug|Win32.ActiveCfg = Debug|Win32
		{C38DD055-6AA8-3D33-BFC6-BBBDF1903289}.Debug|Win32.Build.0 = Debug|Win32
		{C38DD055-6AA8-3D33-BFC6-BBBDF1903289}.Release|Win32.ActiveCfg = Release|Win32
		{C38DD055-6AA8-3D33-BFC6-BBBDF1903289}.Release|Win32.Build.0 = Release|Win32
		{2D0C70F6-B2D6-395D-AC66-1FBE8D4A21DF}.Debug|Win32.ActiveCfg = Debug|Win32
		{2D0C70F6-B2D6-395D-AC66-1FBE8D4A21DF}.Debug|Win32.Build.0 = Debug|Win32
		{2D0C70F6-B2D6-395D-AC66-1FBE8D4A21DF}.Release|Win32.ActiveCfg = Release|Win32
		{2D0C70F6-B2D6-395D-AC66-1FBE8D4A21DF}.Release|Win32.Build.0 = Release|Win32
		{33D16376-CF44-3C32-B9AE-0E7A7B86AAD8}.Debug|Win32.ActiveCfg = Debug|Win32
		{33D16376-CF44-3C32-B9AE-0E7A7B86AAD8}.Debug|Win32.Build.0 = Debug|Win32
		{33D16376-CF44-3C32-B9AE-0E7A7B86AAD8}.Release|Win32.ActiveCfg = Release|Win32
		{33D16376-CF44-3C32-B9AE-0E7A7B86AAD8}.Release|Win32.Build.0 = Release|Win32
		{27DDDEEE-F9E3-3C77-89BF-0212E12B7295}.Debug|Win32.ActiveCfg = Debug|Win32
		{27DDDEEE-F9E3-3C77-89BF-0212E12B7295}.Debug|Win32.Build.0 = Debug|Win32
		{27DDDEEE-F9E3-3C77-89BF-0212E12B7295}.Release|Win32.ActiveCfg = Release|Win32
		{27DDDEEE-F9E3-3C77-89BF-0212E12B7295}.Release|Win32.Build.0 = Release|Win32
		{745D09CF-D805-3684-9CFE-E75159C8BAD9}.Debug|Win32.ActiveCfg = Debug|Win32
		{745D09CF-D805-3684-9CFE-E75159C8BAD9}.Debug|Win32.Build.0 = Debug|Win32
		{745D09CF-D805-3684-9CFE-E75159C8BAD9}.Release|Win32.ActiveCfg = Release|Win32
		{745D09CF-D805-3684-9CFE-E75159C8BAD9}.Release|Win32.Build.0 = Release|Win32
		{61BBF62A-3EEA-3057-8B80-01EC00849272}.Debug|Win32.ActiveCfg = Debug|Win32
		{61BBF62A-3EEA-3057-8B80-01EC00849272}.Debug|Win32.Build.0 = Debug|Win32
		{61BBF62A-3EEA-3057-8B80-01EC00849272}.Release|Win32.ActiveCfg = Release|Win32
		{61BBF62A-3EEA-3057-8B80-01EC00849272}.Release|Win32.Build.0 = Release|Win32
		{9CAC4CD9-85DF-3284-AC6F-7C47BA0AC133}.Debug|Win32.ActiveCfg = Debug|Win32
		{9CAC4CD9-85DF-3284-AC6F-7C47BA0AC133}.Debug|Win32.Build.0 = Debug|Win32
		{9CAC4CD9-85DF-3284-AC6F-7C47BA0AC133}.Release|Win32.ActiveCfg = Release|Win32
		{9CAC4CD9-85DF-3284-AC6F-7C47BA0AC133}.Release|Win32.Build.0 = Release|Win32
		{143F8F8D-8FD1-3737-A053-2C18AFD1D422}.Debug|Win32.ActiveCfg = Debug|Win32
		{143F8F8D-8FD1-3737-A053-2C18AFD1D422}.Debug|Win32.Build.0 = Debug|Win32
		{143F8F8D-8FD1-3737-A053-2C18AFD1D422}.Release|Win32.ActiveCfg = Release|Win32
		{143F8F8D-8FD1-3737-A053-2C18AFD1D422}.Release|Win32.Build.0 = Release|Win32
		{713D7362-0D09-3917-AA8D-41365FF8CA8D}.Debug|Win32.ActiveCfg = Debug|Win32
		{713D7362-0D09-3917-AA8D-41365FF8CA8D}.Debug|Win32.Build.0 = Debug|Win32
		{713D7362-0D09-3917-AA8D-41365FF8CA8D}.Release|Win32.ActiveCfg = Release|Win32
		{713D7362-0D09-3917-AA8D-41365FF8CA8D}.Release|Win32.Build.0 = Release|Win32
		{C6EED8D1-DFAD-3988-978D-5E7A145845F2}.Debug|Win32.ActiveCfg = Debug|Win32
		{C6EED8D1-DFAD-3988-978D-5E7A145845F2}.Debug|Win32.Build.0 = Debug|Win32
		{C6EED8D1-DFAD-3988-978D-5E7A145845F2}.Release|Win32.ActiveCfg = Release|Win32
		{C6EED8D1-DFAD-3988-978D-5E7A145845F2}.Release|Win32.Build.0 = Release|Win32
		{C7EBC7C5-2516-398E-9A53-0DFC422694C5}.Debug|Win32.ActiveCfg = Debug|Win32
		{C7EBC7C5-2516-398E-9A53-0DFC422694C5}.Debug|Win32.Build.0 = Debug|Win32
		{C7EBC7C5-2516-398E-9A53-0DFC422694C5}.Release|Win32.ActiveCfg = Release|Win32
		{C7EBC7C5-2516-398E-9A53-0DFC422694C5}.Release|Win32.Build.0 = Release|Win32
		{6C727496-92BD-36F4-96B8-D2AD9FAB23E5}.Debug|Win32.ActiveCfg = Debug|Win32
		{6C727496-92BD-36F4-96B8-D2AD9FAB23E5}.Debug|Win32.Build.0 = Debug|Win32
		{6C727496-92BD-36F4-96B8-D2AD9FAB23E5}.Release|Win32.ActiveCfg = Release|Win32
		{6C727496-92BD-36F4-96B8-D2AD9FAB23E5}.Release|Win32.Build.0 = Release|Win32
		{E88E9D3A-9C23-3E7C-BC4C-1C4F11C43E5E}.Debug|Win32.ActiveCfg = Debug|Win32
		{E88E9D3A-9C23-3E7C-BC4C-1C4F11C43E5E}.Debug|Win32.Build.0 = Debug|Win32
		{E88E9D3A-9C23-3E7C-BC4C-1C4F11C43E5E}.Release|Win32.ActiveCfg = Release|Win32
		{E88E9D3A-9C23-3E7C-BC4C-1C4F11C43E5E}.Release|Win32.Build.0 = Release|Win32
		{EDE43037-2C76-3FFF-919C-6ACDA34405DA}.Debug|Win32.ActiveCfg = Debug|Win32
		{EDE43037-2C76-3FFF-919C-6ACDA34405DA}.Debug|Win32.Build.0 = Debug|Win32
		{EDE43037-2C76-3FFF-919C-6ACDA34405DA}.Release|Win32.ActiveCfg = Release|Win32
		{EDE43037-2C76-3FFF-919C-6ACDA34405DA}.Release|Win32.Build.0 = Release|Win32
		{3CE8E2B7-0BB3-3AF4-A556-61F7E63C6C01}.Debug|Win32.ActiveCfg = Debug|Win32
		{3CE8E2B7-0BB3-3AF4-A556-61F7E63C6C01}.Debug|Win32.Build.0 = Debug|Win32
		{3CE8E2B7-0BB3-3AF4-A556-61F7E63C6C01}.Release|Win32.ActiveCfg = Release|Win32
		{3CE8E2B7-0BB3-3AF4-A556-61F7E63C6C01}.Release|Win32.Build.0 = Release|Win32
		{A803D64B-E76D-338D-B65F-62F5F249CC42}.Debug|Win32.ActiveCfg = Debug|Win32
		{A803D64B-E76D-338D-B65F-62F5F249CC42}.Debug|Win32.Build.0 = Debug|Win32
		{A803D64B-E76D-338D-B65F-62F5F249CC42}.Release|Win32.ActiveCfg = Release|Win32
		{A803D64B-E76D-338D-B65F-62F5F249CC42}.Release|Win32.Build.0 = Release|Win32
		{5916F55E-A94D-3300-8F9E-67C1E6F0FB28}.Debug|Win32.ActiveCfg = Debug|Win32
		{5916F55E-A94D-3300-8F9E-67C1E6F0FB28}.Debug|Win32.Build.0 = Debug|Win32
		{5916F55E-A94D-3300-8F9E-67C1E6F0FB28}.Release|Win32.ActiveCfg = Release|Win32
		{5916F55E-A94D-3300-8F9E-67C1E6F0FB28}.Release|Win32.Build.0 = Release|Win32
		{63AE1779-757B-3F89-B0D7-DD085ECACB3D}.Debug|Win32.ActiveCfg = Debug|Win32
		{63AE1779-757B-3F89-B0D7-DD085ECACB3D}.Debug|Win32.Build.0 = Debug|Win32
		{63AE1779-757B-3F89-B0D7-DD085ECACB3D}.Release|Win32.ActiveCfg = Release|Win32
		{63AE1779-757B-3F89-B0D7-DD085ECACB3D}.Release|Win32.Build.0 = Release|Win32
		{203283EC-6DBC-3651-88BB-A907DFF7AA0D}.Debug|Win32.ActiveCfg = Debug|Win32
		{203283EC-6DBC-3651-88BB-A907DFF7AA0D}.Debug|Win32.Build.0 = Debug|Win32
		{203283EC-6DBC-3651-88BB-A907DFF7AA0D}.Release|Win32.ActiveCfg = Release|Win32
		{203283EC-6DBC-3651-88BB-A907DFF7AA0D}.Release|Win32.Build.0 = Release|Win32
		{3F418898-BD46-396E-94DE-CADB3DEF99BF}.Debug|Win32.ActiveCfg = Debug|Win32
		{3F418898-BD46-396E-94DE-CADB3DEF99BF}.Debug|Win32.Build.0 = Debug|Win32
		{3F418898-BD46-396E-94DE-CADB3DEF99BF}.Release|Win32.ActiveCfg = Release|Win32
		{3F418898-BD46-396E-94DE-CADB3DEF99BF}.Release|Win32.Build.0 = Release|Win32
		{103538D6-4EBC-3CD6-A533-347C2DC97B98}.Debug|Win32.ActiveCfg = Debug|Win32
		{103538D6-4EBC-3CD6-A533-347C2DC97B98}.Debug|Win32.Build.0 = Debug|Win32
		{103538D6-4EBC-3CD6-A533-347C2DC97B98}.Release|Win32.ActiveCfg = Release|Win32
		{103538D6-4EBC-3CD6-A533-347C2DC97B98}.Release|Win32.Build.0 = Release|Win32
		{B7285BD8-C1CB-3F9F-942A-97C673457260}.Debug|Win32.ActiveCfg = Debug|Win32
		{B7285BD8-C1CB-3F9F-942A-97C673457260}.Debug|Win32.Build.0 = Debug|Win32
		{B7285BD8-C1CB-3F9F-942A-97C673457260}.Release|Win32.ActiveCfg = Release|Win32
		{B7285BD8-C1CB-3F9F-942A-97C673457260}.Release|Win32.Build.0 = Release|Win32
		{69608A1B-FEBD-3D27-ABCC-38E23C2D1F77}.Debug|Win32.ActiveCfg = Debug|Win32
		{69608A1B-FEBD-3D27-ABCC-38E23C2D1F77}.Debug|Win32.Build.0 = Debug|Win32
		{69608A1B-FEBD-3D27-ABCC-38E23C2D1F77}.Release|Win32.ActiveCfg = Release|Win32
		{69608A1B-FEBD-3D27-ABCC-38E23C2D1F77}.Release|Win32.Build.0 = Release|Win32
		{74A319D7-E85C-3FE8-91F3-CF36EB8139B1}.Debug|Win32.ActiveCfg = Debug|Win32
		{74A319D7-E85C-3FE8-91F3-CF36EB8139B1}.Debug|Win32.Build.0 = Debug|Win32
		{74A319D7-E85C-3FE8-91F3-CF36EB8139B1}.Release|Win32.ActiveCfg = Release|Win32
		{74A319D7-E85C-3FE8-91F3-CF36EB8139B1}.Release|Win32.Build.0 = Release|Win32
		{33CA0843-61EE-3F35-BA09-E63D1E6665F3}.Debug|Win32.ActiveCfg = Debug|Win32
		{33CA0843-61EE-3F35-BA09-E63D1E6665F3}.Debug|Win32.Build.0 = Debug|Win32
		{33CA0843-61EE-3F35-BA09-E63D1E6665F3}.Release|Win32.ActiveCfg = Release|Win32
		{33CA0843-61EE-3F35-BA09-E63D1E6665F3}.Release|Win32.Build.0 = Release|Win32
		{C8075476-8DE9-3F3E-BEF3-9A051A519FB5}.Debug|Win32.ActiveCfg = Debug|Win32
		{C8075476-8DE9-3F3E-BEF3-9A051A519FB5}.Debug|Win32.Build.0 = Debug|Win32
		{C8075476-8DE9-3F3E-BEF3-9A051A519FB5}.Release|Win32.ActiveCfg = Release|Win32
		{C8075476-8DE9-3F3E-BEF3-9A051A519FB5}.Release|Win32.Build.0 = Release|Win32
		{FE041A0A-F597-3012-9874-CF7DD52723F3}.Debug|Win32.ActiveCfg = Debug|Win32
		{FE041A0A-F597-3012-9874-CF7DD52723F3}.Debug|Win32.Build.0 = Debug|Win32
		{FE041A0A-F597-3012-9874-CF7DD52723F3}.Release|Win32.ActiveCfg = Release|Win32
		{FE041A0A-F597-3012-9874-CF7DD52723F3}.Release|Win32.Build.0 = Release|Win32
		{F561236D-EFDF-3A2C-B445-FCEF3E4F442C}.Debug|Win32.ActiveCfg = Debug|Win32
		{F561236D-EFDF-3A2C-B445-FCEF3E4F442C}.Debug|Win32.Build.0 = Debug|Win32
		{F561236D-EFDF-3A2C-B445-FCEF3E4F442C}.Release|Win32.ActiveCfg = Release|Win32
		{F561236D-EFDF-3A2C-B445-FCEF3E4F442C}.Release|Win32.Build.0 = Release|Win32
		{344C73CD-0064-3C1D-839D-5A160B00CE72}.Debug|Win32.ActiveCfg = Debug|Win32
		{344C73CD-0064-3C1D-839D-5A160B00CE72}.Debug|Win32.Build.0 = Debug|Win32
		{344C73CD-0064-3C1D-839D-5A160B00CE72}.Release|Win32.ActiveCfg = Release|Win32
		{344C73CD-0064-3C1D-839D-5A160B00CE72}.Release|Win32.Build.0 = Release|Win32
		{F7042D7E-B4B7-3AB6-A1D1-3340506D2E27}.Debug|Win32.ActiveCfg = Debug|Win32
		{F7042D7E-B4B7-3AB6-A1D1-3340506D2E27}.Debug|Win32.Build.0 = Debug|Win32
		{F7042D7E-B4B7-3AB6-A1D1-3340506D2E27}.Release|Win32.ActiveCfg = Release|Win32
		{F7042D7E-B4B7-3AB6-A1D1-3340506D2E27}.Release|Win32.Build.0 = Release|Win32
		{17BFB33A-1E3F-39B3-879B-DB96D0E94FD4}.Debug|Win32.ActiveCfg = Debug|Win32
		{17BFB33A-1E3F-39B3-879B-DB96D0E94FD4}.Debug|Win32.Build.0 = Debug|Win32
		{17BFB33A-1E3F-39B3-879B-DB96D0E94FD4}.Release|Win32.ActiveCfg = Release|Win32
		{17BFB33A-1E3F-39B3-879B-DB96D0E94FD4}.Release|Win32.Build.0 = Release|Win32
		{464499D9-CC42-37E3-9005-EFF04377227D}.Debug|Win32.ActiveCfg = Debug|Win32
		{464499D9-CC42-37E3-9005-EFF04377227D}.Debug|Win32.Build.0 = Debug|Win32
		{464499D9-CC42-37E3-9005-EFF04377227D}.Release|Win32.ActiveCfg = Release|Win32
		{464499D9-CC42-37E3-9005-EFF04377227D}.Release|Win32.Build.0 = Release|Win32
		{60A648BB-934D-3ECE-AB1C-B7A0086AADEC}.Debug|Win32.ActiveCfg = Debug|Win32
		{60A648BB-934D-3ECE-AB1C-B7A0086AADEC}.Debug|Win32.Build.0 = Debug|Win32
		{60A648BB-934D-3ECE-AB1C-B7A0086AADEC}.Release|Win32.ActiveCfg = Release|Win32
		{60A648BB-934D-3ECE-AB1C-B7A0086AADEC}.Release|Win32.Build.0 = Release|Win32
		{4C914374-2EAA-31A4-959D-A5B164289337}.Debug|Win32.ActiveCfg = Debug|Win32
		{4C914374-2EAA-31A4-959D-A5B164289337}.Debug|Win32.Build.0 = Debug|Win32
		{4C914374-2EAA-31A4-959D-A5B164289337}.Release|Win32.ActiveCfg = Release|Win32
		{4C914374-2EAA-31A4-959D-A5B164289337}.Release|Win32.Build.0 = Release|Win32
		{F8980AAF-3E01-3F1C-9B06-8ED229774C3B}.Debug|Win32.ActiveCfg = Debug|Win32
		{F8980AAF-3E01-3F1C-9B06-8ED229774C3B}.Debug|Win32.Build.0 = Debug|Win32
		{F8980AAF-3E01-3F1C-9B06-8ED229774C3B}.Release|Win32.ActiveCfg = Release|Win32
		{F8980AAF-3E01-3F1C-9B06-8ED229774C3B}.Release|Win32.Build.0 = Release|Win32
		{5CD581BB-5C2B-3F6A-83E8-CAEA902E1DDF}.Debug|Win32.ActiveCfg = Debug|Win32
		{5CD581BB-5C2B-3F6A-83E8-CAEA902E1DDF}.Debug|Win32.Build.0 = Debug|Win32
		{5CD581BB-5C2B-3F6A-83E8-CAEA902E1DDF}.Release|Win32.ActiveCfg = Release|Win32
		{5CD581BB-5C2B-3F6A-83E8-CAEA902E1DDF}.Release|Win32.Build.0 = Release|Win32
		{BF265F08-FC81-3F69-86B7-5E7B48839150}.Debug|Win32.ActiveCfg = Debug|Win32
		{BF265F08-FC81-3F69-86B7-5E7B48839150}.Debug|Win32.Build.0 = Debug|Win32
		{BF265F08-FC81-3F69-86B7-5E7B48839150}.Release|Win32.ActiveCfg = Release|Win32
		{BF265F08-FC81-3F69-86B7-5E7B48839150}.Release|Win32.Build.0 = Release|Win32
		{CB5C5212-E9AA-3EE8-8B06-1B88887917C6}.Debug|Win32.ActiveCfg = Debug|Win32
		{CB5C5212-E9AA-3EE8-8B06-1B88887917C6}.Debug|Win32.Build.0 = Debug|Win32
		{CB5C5212-E9AA-3EE8-8B06-1B88887917C6}.Release|Win32.ActiveCfg = Release|Win32
		{CB5C5212-E9AA-3EE8-8B06-1B88887917C6}.Release|Win32.Build.0 = Release|Win32
		{7D3C932D-B021-3861-8BC8-B5470C858844}.Debug|Win32.ActiveCfg = Debug|Win32
		{7D3C932D-B021-3861-8BC8-B5470C858844}.Debug|Win32.Build.0 = Debug|Win32
		{7D3C932D-B021-3861-8BC8-B5470C858844}.Release|Win32.ActiveCfg = Release|Win32
		{7D3C932D-B021-3861-8BC8-B5470C858844}.Release|Win32.Build.0 = Release|Win32
		{69CB80A6-0FE0-3E6E-9725-CEEF0DB618FA}.Debug|Win32.ActiveCfg = Debug|Win32
		{69CB80A6-0FE0-3E6E-9725-CEEF0DB618FA}.Debug|Win32.Build.0 = Debug|Win32
		{69CB80A6-0FE0-3E6E-9725-CEEF0DB618FA}.Release|Win32.ActiveCfg = Release|Win32
		{69CB80A6-0FE0-3E6E-9725-CEEF0DB618FA}.Release|Win32.Build.0 = Release|Win32
		{F9646E32-315A-327B-AAAD-B9C49177C993}.Debug|Win32.ActiveCfg = Debug|Win32
		{F9646E32-315A-327B-AAAD-B9C49177C993}.Debug|Win32.Build.0 = Debug|Win32
		{F9646E32-315A-327B-AAAD-B9C49177C993}.Release|Win32.ActiveCfg = Release|Win32
		{F9646E32-315A-327B-AAAD-B9C49177C993}.Release|Win32.Build.0 = Release|Win32
		{6BAFD9B3-1136-381C-90C1-D17E753814C6}.Debug|Win32.ActiveCfg = Debug|Win32
		{6BAFD9B3-1136-381C-90C1-D17E753814C6}.Debug|Win32.Build.0 = Debug|Win32
		{6BAFD9B3-1136-381C-90C1-D17E753814C6}.Release|Win32.ActiveCfg = Release|Win32
		{6BAFD9B3-1136-381C-90C1-D17E753814C6}.Release|Win32.Build.0 = Release|Win32
		{3C93B537-990D-3B40-835A-56996F1DC400}.Debug|Win32.ActiveCfg = Debug|Win32
		{3C93B537-990D-3B40-835A-56996F1DC400}.Debug|Win32.Build.0 = Debug|Win32
		{3C93B537-990D-3B40-835A-56996F1DC400}.Release|Win32.ActiveCfg = Release|Win32
		{3C93B537-990D-3B40-835A-56996F1DC400}.Release|Win32.Build.0 = Release|Win32
		{086A5DD9-1129-3FE1-9B60-6EFA39FE8669}.Debug|Win32.ActiveCfg = Debug|Win32
		{086A5DD9-1129-3FE1-9B60-6EFA39FE8669}.Debug|Win32.Build.0 = Debug|Win32
		{086A5DD9-1129-3FE1-9B60-6EFA39FE8669}.Release|Win32.ActiveCfg = Release|Win32
		{086A5DD9-1129-3FE1-9B60-6EFA39FE8669}.Release|Win32.Build.0 = Release|Win32
	EndGlobalSection
	GlobalSection(ExtensibilityGlobals) = postSolution
	EndGlobalSection
	GlobalSection(ExtensibilityAddIns) = postSolution
	EndGlobalSection
EndGlobal